// !$*UTF8*$!
{
	archiveVersion = 1;
	classes = {
	};
	objectVersion = 46;
	objects = {

/* Begin PBXBuildFile section */
		E3D684CE18041221002C38B4 /* Foundation.framework in Frameworks */ = {isa = PBXBuildFile; fileRef = E3D684CD18041221002C38B4 /* Foundation.framework */; };
		E3D684D018041221002C38B4 /* CoreGraphics.framework in Frameworks */ = {isa = PBXBuildFile; fileRef = E3D684CF18041221002C38B4 /* CoreGraphics.framework */; };
		E3D684D218041221002C38B4 /* UIKit.framework in Frameworks */ = {isa = PBXBuildFile; fileRef = E3D684D118041221002C38B4 /* UIKit.framework */; };
		E3D684D818041221002C38B4 /* InfoPlist.strings in Resources */ = {isa = PBXBuildFile; fileRef = E3D684D618041221002C38B4 /* InfoPlist.strings */; };
		E3D684DA18041221002C38B4 /* main.m in Sources */ = {isa = PBXBuildFile; fileRef = E3D684D918041221002C38B4 /* main.m */; };
		E3D684DE18041221002C38B4 /* AppDelegate.m in Sources */ = {isa = PBXBuildFile; fileRef = E3D684DD18041221002C38B4 /* AppDelegate.m */; };
		E3D684E118041221002C38B4 /* Main.storyboard in Resources */ = {isa = PBXBuildFile; fileRef = E3D684DF18041221002C38B4 /* Main.storyboard */; };
		E3D684E418041221002C38B4 /* FirstViewController.m in Sources */ = {isa = PBXBuildFile; fileRef = E3D684E318041221002C38B4 /* FirstViewController.m */; };
		E3D684E718041221002C38B4 /* SecondViewController.m in Sources */ = {isa = PBXBuildFile; fileRef = E3D684E618041221002C38B4 /* SecondViewController.m */; };
		E3D684E918041221002C38B4 /* Images.xcassets in Resources */ = {isa = PBXBuildFile; fileRef = E3D684E818041221002C38B4 /* Images.xcassets */; };
		E3D684F018041221002C38B4 /* XCTest.framework in Frameworks */ = {isa = PBXBuildFile; fileRef = E3D684EF18041221002C38B4 /* XCTest.framework */; };
		E3D684F118041221002C38B4 /* Foundation.framework in Frameworks */ = {isa = PBXBuildFile; fileRef = E3D684CD18041221002C38B4 /* Foundation.framework */; };
		E3D684F218041221002C38B4 /* UIKit.framework in Frameworks */ = {isa = PBXBuildFile; fileRef = E3D684D118041221002C38B4 /* UIKit.framework */; };
		E3D684FA18041221002C38B4 /* InfoPlist.strings in Resources */ = {isa = PBXBuildFile; fileRef = E3D684F818041221002C38B4 /* InfoPlist.strings */; };
		E3D684FC18041221002C38B4 /* PrivacyProtectSampleTests.m in Sources */ = {isa = PBXBuildFile; fileRef = E3D684FB18041221002C38B4 /* PrivacyProtectSampleTests.m */; };
		E3D6850A18044E2F002C38B4 /* UIImage+ImageEffects.m in Sources */ = {isa = PBXBuildFile; fileRef = E3D6850718044E2F002C38B4 /* UIImage+ImageEffects.m */; };
		E3D6850B18044E2F002C38B4 /* UIView+BlurEffects.m in Sources */ = {isa = PBXBuildFile; fileRef = E3D6850918044E2F002C38B4 /* UIView+BlurEffects.m */; };
/* End PBXBuildFile section */

/* Begin PBXContainerItemProxy section */
		E3D684F318041221002C38B4 /* PBXContainerItemProxy */ = {
			isa = PBXContainerItemProxy;
			containerPortal = E3D684C218041221002C38B4 /* Project object */;
			proxyType = 1;
			remoteGlobalIDString = E3D684C918041221002C38B4;
			remoteInfo = PrivacyProtectSample;
		};
/* End PBXContainerItemProxy section */

/* Begin PBXFileReference section */
		E3D684CA18041221002C38B4 /* PrivacyProtectSample.app */ = {isa = PBXFileReference; explicitFileType = wrapper.application; includeInIndex = 0; path = PrivacyProtectSample.app; sourceTree = BUILT_PRODUCTS_DIR; };
		E3D684CD18041221002C38B4 /* Foundation.framework */ = {isa = PBXFileReference; lastKnownFileType = wrapper.framework; name = Foundation.framework; path = System/Library/Frameworks/Foundation.framework; sourceTree = SDKROOT; };
		E3D684CF18041221002C38B4 /* CoreGraphics.framework */ = {isa = PBXFileReference; lastKnownFileType = wrapper.framework; name = CoreGraphics.framework; path = System/Library/Frameworks/CoreGraphics.framework; sourceTree = SDKROOT; };
		E3D684D118041221002C38B4 /* UIKit.framework */ = {isa = PBXFileReference; lastKnownFileType = wrapper.framework; name = UIKit.framework; path = System/Library/Frameworks/UIKit.framework; sourceTree = SDKROOT; };
		E3D684D518041221002C38B4 /* PrivacyProtectSample-Info.plist */ = {isa = PBXFileReference; lastKnownFileType = text.plist.xml; path = "PrivacyProtectSample-Info.plist"; sourceTree = "<group>"; };
		E3D684D718041221002C38B4 /* en */ = {isa = PBXFileReference; lastKnownFileType = text.plist.strings; name = en; path = en.lproj/InfoPlist.strings; sourceTree = "<group>"; };
		E3D684D918041221002C38B4 /* main.m */ = {isa = PBXFileReference; lastKnownFileType = sourcecode.c.objc; path = main.m; sourceTree = "<group>"; };
		E3D684DB18041221002C38B4 /* PrivacyProtectSample-Prefix.pch */ = {isa = PBXFileReference; lastKnownFileType = sourcecode.c.h; path = "PrivacyProtectSample-Prefix.pch"; sourceTree = "<group>"; };
		E3D684DC18041221002C38B4 /* AppDelegate.h */ = {isa = PBXFileReference; lastKnownFileType = sourcecode.c.h; path = AppDelegate.h; sourceTree = "<group>"; };
		E3D684DD18041221002C38B4 /* AppDelegate.m */ = {isa = PBXFileReference; lastKnownFileType = sourcecode.c.objc; path = AppDelegate.m; sourceTree = "<group>"; };
		E3D684E018041221002C38B4 /* Base */ = {isa = PBXFileReference; lastKnownFileType = file.storyboard; name = Base; path = Base.lproj/Main.storyboard; sourceTree = "<group>"; };
		E3D684E218041221002C38B4 /* FirstViewController.h */ = {isa = PBXFileReference; lastKnownFileType = sourcecode.c.h; path = FirstViewController.h; sourceTree = "<group>"; };
		E3D684E318041221002C38B4 /* FirstViewController.m */ = {isa = PBXFileReference; lastKnownFileType = sourcecode.c.objc; path = FirstViewController.m; sourceTree = "<group>"; };
		E3D684E518041221002C38B4 /* SecondViewController.h */ = {isa = PBXFileReference; lastKnownFileType = sourcecode.c.h; path = SecondViewController.h; sourceTree = "<group>"; };
		E3D684E618041221002C38B4 /* SecondViewController.m */ = {isa = PBXFileReference; lastKnownFileType = sourcecode.c.objc; path = SecondViewController.m; sourceTree = "<group>"; };
		E3D684E818041221002C38B4 /* Images.xcassets */ = {isa = PBXFileReference; lastKnownFileType = folder.assetcatalog; path = Images.xcassets; sourceTree = "<group>"; };
		E3D684EE18041221002C38B4 /* PrivacyProtectSampleTests.xctest */ = {isa = PBXFileReference; explicitFileType = wrapper.cfbundle; includeInIndex = 0; path = PrivacyProtectSampleTests.xctest; sourceTree = BUILT_PRODUCTS_DIR; };
		E3D684EF18041221002C38B4 /* XCTest.framework */ = {isa = PBXFileReference; lastKnownFileType = wrapper.framework; name = XCTest.framework; path = Library/Frameworks/XCTest.framework; sourceTree = DEVELOPER_DIR; };
		E3D684F718041221002C38B4 /* PrivacyProtectSampleTests-Info.plist */ = {isa = PBXFileReference; lastKnownFileType = text.plist.xml; path = "PrivacyProtectSampleTests-Info.plist"; sourceTree = "<group>"; };
		E3D684F918041221002C38B4 /* en */ = {isa = PBXFileReference; lastKnownFileType = text.plist.strings; name = en; path = en.lproj/InfoPlist.strings; sourceTree = "<group>"; };
		E3D684FB18041221002C38B4 /* PrivacyProtectSampleTests.m */ = {isa = PBXFileReference; lastKnownFileType = sourcecode.c.objc; path = PrivacyProtectSampleTests.m; sourceTree = "<group>"; };
		E3D6850618044E2F002C38B4 /* UIImage+ImageEffects.h */ = {isa = PBXFileReference; fileEncoding = 4; lastKnownFileType = sourcecode.c.h; path = "UIImage+ImageEffects.h"; sourceTree = "<group>"; };
		E3D6850718044E2F002C38B4 /* UIImage+ImageEffects.m */ = {isa = PBXFileReference; fileEncoding = 4; lastKnownFileType = sourcecode.c.objc; path = "UIImage+ImageEffects.m"; sourceTree = "<group>"; };
		E3D6850818044E2F002C38B4 /* UIView+BlurEffects.h */ = {isa = PBXFileReference; fileEncoding = 4; lastKnownFileType = sourcecode.c.h; path = "UIView+BlurEffects.h"; sourceTree = "<group>"; };
		E3D6850918044E2F002C38B4 /* UIView+BlurEffects.m */ = {isa = PBXFileReference; fileEncoding = 4; lastKnownFileType = sourcecode.c.objc; path = "UIView+BlurEffects.m"; sourceTree = "<group>"; };
/* End PBXFileReference section */

/* Begin PBXFrameworksBuildPhase section */
		E3D684C718041221002C38B4 /* Frameworks */ = {
			isa = PBXFrameworksBuildPhase;
			buildActionMask = 2147483647;
			files = (
				E3D684D018041221002C38B4 /* CoreGraphics.framework in Frameworks */,
				E3D684D218041221002C38B4 /* UIKit.framework in Frameworks */,
				E3D684CE18041221002C38B4 /* Foundation.framework in Frameworks */,
			);
			runOnlyForDeploymentPostprocessing = 0;
		};
		E3D684EB18041221002C38B4 /* Frameworks */ = {
			isa = PBXFrameworksBuildPhase;
			buildActionMask = 2147483647;
			files = (
				E3D684F018041221002C38B4 /* XCTest.framework in Frameworks */,
				E3D684F218041221002C38B4 /* UIKit.framework in Frameworks */,
				E3D684F118041221002C38B4 /* Foundation.framework in Frameworks */,
			);
			runOnlyForDeploymentPostprocessing = 0;
		};
/* End PBXFrameworksBuildPhase section */

/* Begin PBXGroup section */
		E3D684C118041221002C38B4 = {
			isa = PBXGroup;
			children = (
				E3D684D318041221002C38B4 /* PrivacyProtectSample */,
				E3D684F518041221002C38B4 /* PrivacyProtectSampleTests */,
				E3D684CC18041221002C38B4 /* Frameworks */,
				E3D684CB18041221002C38B4 /* Products */,
			);
			sourceTree = "<group>";
		};
		E3D684CB18041221002C38B4 /* Products */ = {
			isa = PBXGroup;
			children = (
				E3D684CA18041221002C38B4 /* PrivacyProtectSample.app */,
				E3D684EE18041221002C38B4 /* PrivacyProtectSampleTests.xctest */,
			);
			name = Products;
			sourceTree = "<group>";
		};
		E3D684CC18041221002C38B4 /* Frameworks */ = {
			isa = PBXGroup;
			children = (
				E3D684CD18041221002C38B4 /* Foundation.framework */,
				E3D684CF18041221002C38B4 /* CoreGraphics.framework */,
				E3D684D118041221002C38B4 /* UIKit.framework */,
				E3D684EF18041221002C38B4 /* XCTest.framework */,
			);
			name = Frameworks;
			sourceTree = "<group>";
		};
		E3D684D318041221002C38B4 /* PrivacyProtectSample */ = {
			isa = PBXGroup;
			children = (
				E3D6850518044E2F002C38B4 /* UIImage+ImageEffects */,
				E3D684DC18041221002C38B4 /* AppDelegate.h */,
				E3D684DD18041221002C38B4 /* AppDelegate.m */,
				E3D684DF18041221002C38B4 /* Main.storyboard */,
				E3D684E218041221002C38B4 /* FirstViewController.h */,
				E3D684E318041221002C38B4 /* FirstViewController.m */,
				E3D684E518041221002C38B4 /* SecondViewController.h */,
				E3D684E618041221002C38B4 /* SecondViewController.m */,
				E3D684E818041221002C38B4 /* Images.xcassets */,
				E3D684D418041221002C38B4 /* Supporting Files */,
			);
			path = PrivacyProtectSample;
			sourceTree = "<group>";
		};
		E3D684D418041221002C38B4 /* Supporting Files */ = {
			isa = PBXGroup;
			children = (
				E3D684D518041221002C38B4 /* PrivacyProtectSample-Info.plist */,
				E3D684D618041221002C38B4 /* InfoPlist.strings */,
				E3D684D918041221002C38B4 /* main.m */,
				E3D684DB18041221002C38B4 /* PrivacyProtectSample-Prefix.pch */,
			);
			name = "Supporting Files";
			sourceTree = "<group>";
		};
		E3D684F518041221002C38B4 /* PrivacyProtectSampleTests */ = {
			isa = PBXGroup;
			children = (
				E3D684FB18041221002C38B4 /* PrivacyProtectSampleTests.m */,
				E3D684F618041221002C38B4 /* Supporting Files */,
			);
			path = PrivacyProtectSampleTests;
			sourceTree = "<group>";
		};
		E3D684F618041221002C38B4 /* Supporting Files */ = {
			isa = PBXGroup;
			children = (
				E3D684F718041221002C38B4 /* PrivacyProtectSampleTests-Info.plist */,
				E3D684F818041221002C38B4 /* InfoPlist.strings */,
			);
			name = "Supporting Files";
			sourceTree = "<group>";
		};
		E3D6850518044E2F002C38B4 /* UIImage+ImageEffects */ = {
			isa = PBXGroup;
			children = (
				E3D6850618044E2F002C38B4 /* UIImage+ImageEffects.h */,
				E3D6850718044E2F002C38B4 /* UIImage+ImageEffects.m */,
				E3D6850818044E2F002C38B4 /* UIView+BlurEffects.h */,
				E3D6850918044E2F002C38B4 /* UIView+BlurEffects.m */,
			);
			path = "UIImage+ImageEffects";
			sourceTree = "<group>";
		};
/* End PBXGroup section */

/* Begin PBXNativeTarget section */
		E3D684C918041221002C38B4 /* PrivacyProtectSample */ = {
			isa = PBXNativeTarget;
			buildConfigurationList = E3D684FF18041221002C38B4 /* Build configuration list for PBXNativeTarget "PrivacyProtectSample" */;
			buildPhases = (
				E3D684C618041221002C38B4 /* Sources */,
				E3D684C718041221002C38B4 /* Frameworks */,
				E3D684C818041221002C38B4 /* Resources */,
			);
			buildRules = (
			);
			dependencies = (
			);
			name = PrivacyProtectSample;
			productName = PrivacyProtectSample;
			productReference = E3D684CA18041221002C38B4 /* PrivacyProtectSample.app */;
			productType = "com.apple.product-type.application";
		};
		E3D684ED18041221002C38B4 /* PrivacyProtectSampleTests */ = {
			isa = PBXNativeTarget;
			buildConfigurationList = E3D6850218041221002C38B4 /* Build configuration list for PBXNativeTarget "PrivacyProtectSampleTests" */;
			buildPhases = (
				E3D684EA18041221002C38B4 /* Sources */,
				E3D684EB18041221002C38B4 /* Frameworks */,
				E3D684EC18041221002C38B4 /* Resources */,
			);
			buildRules = (
			);
			dependencies = (
				E3D684F418041221002C38B4 /* PBXTargetDependency */,
			);
			name = PrivacyProtectSampleTests;
			productName = PrivacyProtectSampleTests;
			productReference = E3D684EE18041221002C38B4 /* PrivacyProtectSampleTests.xctest */;
			productType = "com.apple.product-type.bundle.unit-test";
		};
/* End PBXNativeTarget section */

/* Begin PBXProject section */
		E3D684C218041221002C38B4 /* Project object */ = {
			isa = PBXProject;
			attributes = {
				LastUpgradeCheck = 0500;
				ORGANIZATIONNAME = "cyan-stivy.net";
				TargetAttributes = {
					E3D684ED18041221002C38B4 = {
						TestTargetID = E3D684C918041221002C38B4;
					};
				};
			};
			buildConfigurationList = E3D684C518041221002C38B4 /* Build configuration list for PBXProject "PrivacyProtectSample" */;
			compatibilityVersion = "Xcode 3.2";
			developmentRegion = English;
			hasScannedForEncodings = 0;
			knownRegions = (
				en,
				Base,
			);
			mainGroup = E3D684C118041221002C38B4;
			productRefGroup = E3D684CB18041221002C38B4 /* Products */;
			projectDirPath = "";
			projectRoot = "";
			targets = (
				E3D684C918041221002C38B4 /* PrivacyProtectSample */,
				E3D684ED18041221002C38B4 /* PrivacyProtectSampleTests */,
			);
		};
/* End PBXProject section */

/* Begin PBXResourcesBuildPhase section */
		E3D684C818041221002C38B4 /* Resources */ = {
			isa = PBXResourcesBuildPhase;
			buildActionMask = 2147483647;
			files = (
				E3D684E918041221002C38B4 /* Images.xcassets in Resources */,
				E3D684D818041221002C38B4 /* InfoPlist.strings in Resources */,
				E3D684E118041221002C38B4 /* Main.storyboard in Resources */,
			);
			runOnlyForDeploymentPostprocessing = 0;
		};
		E3D684EC18041221002C38B4 /* Resources */ = {
			isa = PBXResourcesBuildPhase;
			buildActionMask = 2147483647;
			files = (
				E3D684FA18041221002C38B4 /* InfoPlist.strings in Resources */,
			);
			runOnlyForDeploymentPostprocessing = 0;
		};
/* End PBXResourcesBuildPhase section */

/* Begin PBXSourcesBuildPhase section */
		E3D684C618041221002C38B4 /* Sources */ = {
			isa = PBXSourcesBuildPhase;
			buildActionMask = 2147483647;
			files = (
				E3D684E718041221002C38B4 /* SecondViewController.m in Sources */,
				E3D6850A18044E2F002C38B4 /* UIImage+ImageEffects.m in Sources */,
				E3D6850B18044E2F002C38B4 /* UIView+BlurEffects.m in Sources */,
				E3D684DE18041221002C38B4 /* AppDelegate.m in Sources */,
				E3D684E418041221002C38B4 /* FirstViewController.m in Sources */,
				E3D684DA18041221002C38B4 /* main.m in Sources */,
			);
			runOnlyForDeploymentPostprocessing = 0;
		};
		E3D684EA18041221002C38B4 /* Sources */ = {
			isa = PBXSourcesBuildPhase;
			buildActionMask = 2147483647;
			files = (
				E3D684FC18041221002C38B4 /* PrivacyProtectSampleTests.m in Sources */,
			);
			runOnlyForDeploymentPostprocessing = 0;
		};
/* End PBXSourcesBuildPhase section */

/* Begin PBXTargetDependency section */
		E3D684F418041221002C38B4 /* PBXTargetDependency */ = {
			isa = PBXTargetDependency;
			target = E3D684C918041221002C38B4 /* PrivacyProtectSample */;
			targetProxy = E3D684F318041221002C38B4 /* PBXContainerItemProxy */;
		};
/* End PBXTargetDependency section */

/* Begin PBXVariantGroup section */
		E3D684D618041221002C38B4 /* InfoPlist.strings */ = {
			isa = PBXVariantGroup;
			children = (
				E3D684D718041221002C38B4 /* en */,
			);
			name = InfoPlist.strings;
			sourceTree = "<group>";
		};
		E3D684DF18041221002C38B4 /* Main.storyboard */ = {
			isa = PBXVariantGroup;
			children = (
				E3D684E018041221002C38B4 /* Base */,
			);
			name = Main.storyboard;
			sourceTree = "<group>";
		};
		E3D684F818041221002C38B4 /* InfoPlist.strings */ = {
			isa = PBXVariantGroup;
			children = (
				E3D684F918041221002C38B4 /* en */,
			);
			name = InfoPlist.strings;
			sourceTree = "<group>";
		};
/* End PBXVariantGroup section */

/* Begin XCBuildConfiguration section */
		E3D684FD18041221002C38B4 /* Debug */ = {
			isa = XCBuildConfiguration;
			buildSettings = {
				ALWAYS_SEARCH_USER_PATHS = NO;
				ARCHS = "$(ARCHS_STANDARD_INCLUDING_64_BIT)";
				CLANG_CXX_LANGUAGE_STANDARD = "gnu++0x";
				CLANG_CXX_LIBRARY = "libc++";
				CLANG_ENABLE_MODULES = YES;
				CLANG_ENABLE_OBJC_ARC = YES;
				CLANG_WARN_BOOL_CONVERSION = YES;
				CLANG_WARN_CONSTANT_CONVERSION = YES;
				CLANG_WARN_DIRECT_OBJC_ISA_USAGE = YES_ERROR;
				CLANG_WARN_EMPTY_BODY = YES;
				CLANG_WARN_ENUM_CONVERSION = YES;
				CLANG_WARN_INT_CONVERSION = YES;
				CLANG_WARN_OBJC_ROOT_CLASS = YES_ERROR;
				CLANG_WARN__DUPLICATE_METHOD_MATCH = YES;
				"CODE_SIGN_IDENTITY[sdk=iphoneos*]" = "iPhone Developer";
				COPY_PHASE_STRIP = NO;
				GCC_C_LANGUAGE_STANDARD = gnu99;
				GCC_DYNAMIC_NO_PIC = NO;
				GCC_OPTIMIZATION_LEVEL = 0;
				GCC_PREPROCESSOR_DEFINITIONS = (
					"DEBUG=1",
					"$(inherited)",
				);
				GCC_SYMBOLS_PRIVATE_EXTERN = NO;
				GCC_WARN_64_TO_32_BIT_CONVERSION = YES;
				GCC_WARN_ABOUT_RETURN_TYPE = YES_ERROR;
				GCC_WARN_UNDECLARED_SELECTOR = YES;
				GCC_WARN_UNINITIALIZED_AUTOS = YES;
				GCC_WARN_UNUSED_FUNCTION = YES;
				GCC_WARN_UNUSED_VARIABLE = YES;
				IPHONEOS_DEPLOYMENT_TARGET = 7.0;
				ONLY_ACTIVE_ARCH = YES;
				SDKROOT = iphoneos;
			};
			name = Debug;
		};
		E3D684FE18041221002C38B4 /* Release */ = {
			isa = XCBuildConfiguration;
			buildSettings = {
				ALWAYS_SEARCH_USER_PATHS = NO;
				ARCHS = "$(ARCHS_STANDARD_INCLUDING_64_BIT)";
				CLANG_CXX_LANGUAGE_STANDARD = "gnu++0x";
				CLANG_CXX_LIBRARY = "libc++";
				CLANG_ENABLE_MODULES = YES;
				CLANG_ENABLE_OBJC_ARC = YES;
				CLANG_WARN_BOOL_CONVERSION = YES;
				CLANG_WARN_CONSTANT_CONVERSION = YES;
				CLANG_WARN_DIRECT_OBJC_ISA_USAGE = YES_ERROR;
				CLANG_WARN_EMPTY_BODY = YES;
				CLANG_WARN_ENUM_CONVERSION = YES;
				CLANG_WARN_INT_CONVERSION = YES;
				CLANG_WARN_OBJC_ROOT_CLASS = YES_ERROR;
				CLANG_WARN__DUPLICATE_METHOD_MATCH = YES;
				"CODE_SIGN_IDENTITY[sdk=iphoneos*]" = "iPhone Developer";
				COPY_PHASE_STRIP = YES;
				ENABLE_NS_ASSERTIONS = NO;
				GCC_C_LANGUAGE_STANDARD = gnu99;
				GCC_WARN_64_TO_32_BIT_CONVERSION = YES;
				GCC_WARN_ABOUT_RETURN_TYPE = YES_ERROR;
				GCC_WARN_UNDECLARED_SELECTOR = YES;
				GCC_WARN_UNINITIALIZED_AUTOS = YES;
				GCC_WARN_UNUSED_FUNCTION = YES;
				GCC_WARN_UNUSED_VARIABLE = YES;
				IPHONEOS_DEPLOYMENT_TARGET = 7.0;
				SDKROOT = iphoneos;
				VALIDATE_PRODUCT = YES;
			};
			name = Release;
		};
		E3D6850018041221002C38B4 /* Debug */ = {
			isa = XCBuildConfiguration;
			buildSettings = {
				ASSETCATALOG_COMPILER_APPICON_NAME = AppIcon;
				ASSETCATALOG_COMPILER_LAUNCHIMAGE_NAME = LaunchImage;
				GCC_PRECOMPILE_PREFIX_HEADER = YES;
				GCC_PREFIX_HEADER = "PrivacyProtectSample/PrivacyProtectSample-Prefix.pch";
				INFOPLIST_FILE = "PrivacyProtectSample/PrivacyProtectSample-Info.plist";
				PRODUCT_NAME = "$(TARGET_NAME)";
				WRAPPER_EXTENSION = app;
			};
			name = Debug;
		};
		E3D6850118041221002C38B4 /* Release */ = {
			isa = XCBuildConfiguration;
			buildSettings = {
				ASSETCATALOG_COMPILER_APPICON_NAME = AppIcon;
				ASSETCATALOG_COMPILER_LAUNCHIMAGE_NAME = LaunchImage;
				GCC_PRECOMPILE_PREFIX_HEADER = YES;
				GCC_PREFIX_HEADER = "PrivacyProtectSample/PrivacyProtectSample-Prefix.pch";
				INFOPLIST_FILE = "PrivacyProtectSample/PrivacyProtectSample-Info.plist";
				PRODUCT_NAME = "$(TARGET_NAME)";
				WRAPPER_EXTENSION = app;
			};
			name = Release;
		};
		E3D6850318041221002C38B4 /* Debug */ = {
			isa = XCBuildConfiguration;
			buildSettings = {
				ARCHS = "$(ARCHS_STANDARD_INCLUDING_64_BIT)";
				BUNDLE_LOADER = "$(BUILT_PRODUCTS_DIR)/PrivacyProtectSample.app/PrivacyProtectSample";
				FRAMEWORK_SEARCH_PATHS = (
					"$(SDKROOT)/Developer/Library/Frameworks",
					"$(inherited)",
					"$(DEVELOPER_FRAMEWORKS_DIR)",
				);
				GCC_PRECOMPILE_PREFIX_HEADER = YES;
				GCC_PREFIX_HEADER = "PrivacyProtectSample/PrivacyProtectSample-Prefix.pch";
				GCC_PREPROCESSOR_DEFINITIONS = (
					"DEBUG=1",
					"$(inherited)",
				);
				INFOPLIST_FILE = "PrivacyProtectSampleTests/PrivacyProtectSampleTests-Info.plist";
				PRODUCT_NAME = "$(TARGET_NAME)";
				TEST_HOST = "$(BUNDLE_LOADER)";
				WRAPPER_EXTENSION = xctest;
			};
			name = Debug;
		};
		E3D6850418041221002C38B4 /* Release */ = {
			isa = XCBuildConfiguration;
			buildSettings = {
				ARCHS = "$(ARCHS_STANDARD_INCLUDING_64_BIT)";
				BUNDLE_LOADER = "$(BUILT_PRODUCTS_DIR)/PrivacyProtectSample.app/PrivacyProtectSample";
				FRAMEWORK_SEARCH_PATHS = (
					"$(SDKROOT)/Developer/Library/Frameworks",
					"$(inherited)",
					"$(DEVELOPER_FRAMEWORKS_DIR)",
				);
				GCC_PRECOMPILE_PREFIX_HEADER = YES;
				GCC_PREFIX_HEADER = "PrivacyProtectSample/PrivacyProtectSample-Prefix.pch";
				INFOPLIST_FILE = "PrivacyProtectSampleTests/PrivacyProtectSampleTests-Info.plist";
				PRODUCT_NAME = "$(TARGET_NAME)";
				TEST_HOST = "$(BUNDLE_LOADER)";
				WRAPPER_EXTENSION = xctest;
			};
			name = Release;
		};
/* End XCBuildConfiguration section */

/* Begin XCConfigurationList section */
		E3D684C518041221002C38B4 /* Build configuration list for PBXProject "PrivacyProtectSample" */ = {
			isa = XCConfigurationList;
			buildConfigurations = (
				E3D684FD18041221002C38B4 /* Debug */,
				E3D684FE18041221002C38B4 /* Release */,
			);
			defaultConfigurationIsVisible = 0;
			defaultConfigurationName = Release;
		};
		E3D684FF18041221002C38B4 /* Build configuration list for PBXNativeTarget "PrivacyProtectSample" */ = {
			isa = XCConfigurationList;
			buildConfigurations = (
				E3D6850018041221002C38B4 /* Debug */,
				E3D6850118041221002C38B4 /* Release */,
			);
			defaultConfigurationIsVisible = 0;
			defaultConfigurationName = Release;
		};
		E3D6850218041221002C38B4 /* Build configuration list for PBXNativeTarget "PrivacyProtectSampleTests" */ = {
			isa = XCConfigurationList;
			buildConfigurations = (
				E3D6850318041221002C38B4 /* Debug */,
				E3D6850418041221002C38B4 /* Release */,
			);
			defaultConfigurationIsVisible = 0;
			defaultConfigurationName = Release;
		};
/* End XCConfigurationList section */
	};
	rootObject = E3D684C218041221002C38B4 /* Project object */;
}
